# This file was autogenerated by Stack.
# You should not edit this file by hand.
# For more information, please see the documentation at:
#   https://docs.haskellstack.org/en/stable/lock_files

packages:
- completed:
    pantry-tree:
      sha256: 2a3ecc941fdf106385744f78ceae80fa0e7e8adb28042b2a9aaa468687ef9099
      size: 537
    hackage: semialign-1.2@sha256:d3e7e3a5fe509f30bf2121d94c54b586217f2dc69a47ffede3633ddbc12cba68,2743
  original:
    hackage: semialign-1.2
snapshots:
- completed:
    sha256: 428ec8d5ce932190d3cbe266b9eb3c175cd81e984babf876b64019e2cbe4ea68
    size: 590100
    url: https://raw.githubusercontent.com/commercialhaskell/stackage-snapshots/master/lts/18/28.yaml
  original: lts-18.28
