# This file was autogenerated by Stack.
# You should not edit this file by hand.
# For more information, please see the documentation at:
#   https://docs.haskellstack.org/en/stable/lock_files

packages:
- completed:
    hackage: aeson-2.0.1.0@sha256:ee0847af4d1fb9ece3f24f443d8d8406431c32688a57880314ac36617da937eb,6229
    pantry-tree:
      size: 37910
      sha256: e7a9eec09f1ea56548b07c7e82b53bf32a974827ffc402d852c667b5f5d89efd
  original:
    hackage: aeson-2.0.1.0
- completed:
    hackage: semialign-1.2@sha256:d3e7e3a5fe509f30bf2121d94c54b586217f2dc69a47ffede3633ddbc12cba68,2743
    pantry-tree:
      size: 537
      sha256: 2a3ecc941fdf106385744f78ceae80fa0e7e8adb28042b2a9aaa468687ef9099
  original:
    hackage: semialign-1.2
snapshots:
- completed:
    size: 590100
    url: https://raw.githubusercontent.com/commercialhaskell/stackage-snapshots/master/lts/18/28.yaml
    sha256: 428ec8d5ce932190d3cbe266b9eb3c175cd81e984babf876b64019e2cbe4ea68
  original: lts-18.28
